
Microsoft Visual Studio Solution File, Format Version 12.00
# Visual Studio Version 16
VisualStudioVersion = 16.0.29519.181
MinimumVisualStudioVersion = 10.0.40219.1
Project("{FAE04EC0-301F-11D3-BF4B-00C04F79EFBC}") = "Program to Reverse an Array", "Program to Reverse an Array\Program to Reverse an Array.csproj", "{65035681-8ABA-45C8-94D7-6CC2508A221E}"
EndProject
Global
	GlobalSection(SolutionConfigurationPlatforms) = preSolution
		Debug|Any CPU = Debug|Any CPU
		Release|Any CPU = Release|Any CPU
	EndGlobalSection
	GlobalSection(ProjectConfigurationPlatforms) = postSolution
		{65035681-8ABA-45C8-94D7-6CC2508A221E}.Debug|Any CPU.ActiveCfg = Debug|Any CPU
		{65035681-8ABA-45C8-94D7-6CC2508A221E}.Debug|Any CPU.Build.0 = Debug|Any CPU
		{65035681-8ABA-45C8-94D7-6CC2508A221E}.Release|Any CPU.ActiveCfg = Release|Any CPU
		{65035681-8ABA-45C8-94D7-6CC2508A221E}.Release|Any CPU.Build.0 = Release|Any CPU
	EndGlobalSection
	GlobalSection(SolutionProperties) = preSolution
		HideSolutionNode = FALSE
	EndGlobalSection
	GlobalSection(ExtensibilityGlobals) = postSolution
		SolutionGuid = {6C3E7EB8-46C1-404D-B70E-153B0B73AF19}
	EndGlobalSection
EndGlobal
